Microsoft Visual Studio Solution File, Format Version 12.00
# Visual Studio Version 17
VisualStudioVersion = 17.5.2.0
MinimumVisualStudioVersion = 10.0.40219.1
Project("{FAE04EC0-301F-11D3-BF4B-00C04F79EFBC}") = "QuanLyPhong_WinForms_Skeleton", "QuanLyPhong_WinForms_Skeleton\QuanLyPhong_WinForms_Skeleton.csproj", "{C9161BE2-A635-6953-E8DE-A98F2FB1B8C4}"
EndProject
Global
	GlobalSection(SolutionConfigurationPlatforms) = preSolution
		Debug|Any CPU = Debug|Any CPU
		Release|Any CPU = Release|Any CPU
	EndGlobalSection
	GlobalSection(ProjectConfigurationPlatforms) = postSolution
		{C9161BE2-A635-6953-E8DE-A98F2FB1B8C4}.Debug|Any CPU.ActiveCfg = Debug|Any CPU
		{C9161BE2-A635-6953-E8DE-A98F2FB1B8C4}.Debug|Any CPU.Build.0 = Debug|Any CPU
		{C9161BE2-A635-6953-E8DE-A98F2FB1B8C4}.Release|Any CPU.ActiveCfg = Release|Any CPU
		{C9161BE2-A635-6953-E8DE-A98F2FB1B8C4}.Release|Any CPU.Build.0 = Release|Any CPU
	EndGlobalSection
	GlobalSection(SolutionProperties) = preSolution
		HideSolutionNode = FALSE
	EndGlobalSection
	GlobalSection(ExtensibilityGlobals) = postSolution
		SolutionGuid = {F96FB100-31D1-4B44-B837-FE073107C80C}
	EndGlobalSection
EndGlobal
